{
  "name": "spyder-kb",
  "version": "1.0.0",
  "lockfileVersion": 3,
  "requires": true,
  "packages": {
    "": {
      "name": "spyder-kb",
      "version": "1.0.0",
      "dependencies": {
        "@funeste38/freeland": "*",
        "@funeste38/nezlephant": "*"
      }
    },
    "node_modules/@funeste38/freeland": {
      "version": "0.1.0",
      "resolved": "https://registry.npmjs.org/@funeste38/freeland/-/freeland-0.1.0.tgz",
      "integrity": "sha512-9ug/Ndi17SR/V8JQMsMSEqjdAnwA8ruFpVtkBmS2xr6qqkaHyrhA7aL1W9NecGVagQvDsP5H6hatq2IsEmGjmA==",
      "license": "MIT"
    },
    "node_modules/@funeste38/nezlephant": {
      "version": "0.1.0",
      "resolved": "https://registry.npmjs.org/@funeste38/nezlephant/-/nezlephant-0.1.0.tgz",
      "integrity": "sha512-WQNAIZGMbw/lOamAeAw2N513FRp0m7xTx5b0Ox511E1qhPd9bnVNh8DngNZt6TvLPRSuq+FmFJ4HXfh8RE7UVA==",
      "license": "MIT",
      "dependencies": {
        "pngjs": "^6.0.0"
      }
    },
    "node_modules/pngjs": {
      "version": "6.0.0",
      "resolved": "https://registry.npmjs.org/pngjs/-/pngjs-6.0.0.tgz",
      "integrity": "sha512-TRzzuFRRmEoSW/p1KVAmiOgPco2Irlah+bGFCeNfJXxxYGwSw7YwAOAcd7X28K/m5bjBWKsC29KyoMfHbypayg==",
      "license": "MIT",
      "engines": {
        "node": ">=12.13.0"
      }
    }
  }
}
